Microsoft Visual Studio Solution File, Format Version 10.00
# Visual Studio 2008
Project("{8BC9CEB8-8B4A-11D0-8D11-00A0C91BC942}") = "minidump_dump", "minidump_dump.vcproj", "{CAE6F41A-F0C1-43A9-5C06-DF41DDDEC0AF}"
	ProjectSection(ProjectDependencies) = postProject
		{18EFDEEA-F415-C4F1-F22E-17EA08F1F2F9} = {18EFDEEA-F415-C4F1-F22E-17EA08F1F2F9}
	EndProjectSection
EndProject
Project("{8BC9CEB8-8B4A-11D0-8D11-00A0C91BC942}") = "minidump_stackwalk", "minidump_stackwalk.vcproj", "{53ABA5E3-1624-C562-A425-014350E3E551}"
	ProjectSection(ProjectDependencies) = postProject
		{2D86EECA-80E3-1998-D1ED-2A05E4D4E427} = {2D86EECA-80E3-1998-D1ED-2A05E4D4E427}
		{18EFDEEA-F415-C4F1-F22E-17EA08F1F2F9} = {18EFDEEA-F415-C4F1-F22E-17EA08F1F2F9}
	EndProjectSection
EndProject
Project("{8BC9CEB8-8B4A-11D0-8D11-00A0C91BC942}") = "processor", "processor.vcproj", "{18EFDEEA-F415-C4F1-F22E-17EA08F1F2F9}"
EndProject
Project("{8BC9CEB8-8B4A-11D0-8D11-00A0C91BC942}") = "libdisasm", "..\third_party\libdisasm\libdisasm.vcproj", "{2D86EECA-80E3-1998-D1ED-2A05E4D4E427}"
EndProject
Global
	GlobalSection(SolutionConfigurationPlatforms) = preSolution
		Default|Win32 = Default|Win32
	EndGlobalSection
	GlobalSection(ProjectConfigurationPlatforms) = postSolution
		{CAE6F41A-F0C1-43A9-5C06-DF41DDDEC0AF}.Default|Win32.ActiveCfg = Default|Win32
		{CAE6F41A-F0C1-43A9-5C06-DF41DDDEC0AF}.Default|Win32.Build.0 = Default|Win32
		{53ABA5E3-1624-C562-A425-014350E3E551}.Default|Win32.ActiveCfg = Default|Win32
		{53ABA5E3-1624-C562-A425-014350E3E551}.Default|Win32.Build.0 = Default|Win32
		{18EFDEEA-F415-C4F1-F22E-17EA08F1F2F9}.Default|Win32.ActiveCfg = Default|Win32
		{18EFDEEA-F415-C4F1-F22E-17EA08F1F2F9}.Default|Win32.Build.0 = Default|Win32
		{2D86EECA-80E3-1998-D1ED-2A05E4D4E427}.Default|Win32.ActiveCfg = Default|Win32
		{2D86EECA-80E3-1998-D1ED-2A05E4D4E427}.Default|Win32.Build.0 = Default|Win32
	EndGlobalSection
	GlobalSection(SolutionProperties) = preSolution
		HideSolutionNode = FALSE
	EndGlobalSection
EndGlobal
